{
  "requires": true,
  "lockfileVersion": 1,
  "dependencies": {
    "node": {
      "version": "16.13.1",
      "resolved": "https://registry.npmjs.org/node/-/node-16.13.1.tgz",
      "integrity": "sha512-XPcWHe8fJfB3mXZMGXxl9rSOkOhxQLjmRJBt898RCzGcZGZC0oz+1Wnc7/4hqDyQ3AZZH5xp6KizkFLIOlpHzA==",
      "requires": {
        "node-bin-setup": "^1.0.0"
      }
    },
    "node-bin-setup": {
      "version": "1.1.0",
      "resolved": "https://registry.npmjs.org/node-bin-setup/-/node-bin-setup-1.1.0.tgz",
      "integrity": "sha512-pTeU6NgUrexiLNtd+AKwvg6cngHMvj5FZ5e2bbv2ogBSIc9yhkXSSaTScfSRZnwHIh5YFmYSYlemLWkiKD7rog=="
    }
  }
}
